
Microsoft Visual Studio Solution File, Format Version 12.00
# Visual Studio Version 17
VisualStudioVersion = 17.4.33103.184
MinimumVisualStudioVersion = 10.0.40219.1
Project("{FAE04EC0-301F-11D3-BF4B-00C04F79EFBC}") = "Web_base_done", "Web_base_done.csproj", "{817143A8-2E23-482F-9271-D24D1A50AEA8}"
EndProject
Global
	GlobalSection(SolutionConfigurationPlatforms) = preSolution
		Debug|Any CPU = Debug|Any CPU
		Release|Any CPU = Release|Any CPU
	EndGlobalSection
	GlobalSection(ProjectConfigurationPlatforms) = postSolution
		{817143A8-2E23-482F-9271-D24D1A50AEA8}.Debug|Any CPU.ActiveCfg = Debug|Any CPU
		{817143A8-2E23-482F-9271-D24D1A50AEA8}.Debug|Any CPU.Build.0 = Debug|Any CPU
		{817143A8-2E23-482F-9271-D24D1A50AEA8}.Release|Any CPU.ActiveCfg = Release|Any CPU
		{817143A8-2E23-482F-9271-D24D1A50AEA8}.Release|Any CPU.Build.0 = Release|Any CPU
	EndGlobalSection
	GlobalSection(SolutionProperties) = preSolution
		HideSolutionNode = FALSE
	EndGlobalSection
	GlobalSection(ExtensibilityGlobals) = postSolution
		SolutionGuid = {1E19A850-F052-426D-9557-24ADBE0E740B}
	EndGlobalSection
EndGlobal
